{
  "version": 4,
  "terraform_version": "0.12.26",
  "serial": 25,
  "lineage": "5ef92c73-e0d1-9ef5-97da-1a80d8852d53",
  "outputs": {},
  "resources": [
    {
      "mode": "managed",
      "type": "aws_autoscaling_group",
      "name": "Project-ASG",
      "provider": "provider.aws",
      "instances": []
    },
    {
      "mode": "managed",
      "type": "aws_eip",
      "name": "NAT_EIP",
      "provider": "provider.aws",
      "instances": [
        {
          "schema_version": 0,
          "attributes": {
            "allocation_id": null,
            "associate_with_private_ip": null,
            "association_id": "eipassoc-08c6a862e8e412e0d",
            "carrier_ip": "",
            "customer_owned_ip": "",
            "customer_owned_ipv4_pool": "",
            "domain": "vpc",
            "id": "eipalloc-0609d3f25fff81c50",
            "instance": "",
            "network_border_group": "ap-south-1",
            "network_interface": "eni-0766386b1c8601ce5",
            "private_dns": "ip-10-0-1-234.ap-south-1.compute.internal",
            "private_ip": "10.0.1.234",
            "public_dns": "ec2-3-111-103-244.ap-south-1.compute.amazonaws.com",
            "public_ip": "3.111.103.244",
            "public_ipv4_pool": "amazon",
            "tags": {},
            "timeouts": null,
            "vpc": true
          },
          "private": "eyJlMmJmYjczMC1lY2FhLTExZTYtOGY4OC0zNDM2M2JjN2M0YzAiOnsiZGVsZXRlIjoxODAwMDAwMDAwMDAsInJlYWQiOjkwMDAwMDAwMDAwMCwidXBkYXRlIjozMDAwMDAwMDAwMDB9fQ=="
        }
      ]
    },
    {
      "mode": "managed",
      "type": "aws_internet_gateway",
      "name": "IGW_VPC",
      "provider": "provider.aws",
      "instances": [
        {
          "schema_version": 0,
          "attributes": {
            "arn": "arn:aws:ec2:ap-south-1:113066798821:internet-gateway/igw-0514b3395f595f72c",
            "id": "igw-0514b3395f595f72c",
            "owner_id": "113066798821",
            "tags": {},
            "vpc_id": "vpc-0000a14d83e4d21b1"
          },
          "private": "bnVsbA==",
          "dependencies": [
            "aws_vpc.project_vpc"
          ]
        }
      ]
    },
    {
      "mode": "managed",
      "type": "aws_key_pair",
      "name": "keys",
      "provider": "provider.aws",
      "instances": [
        {
          "schema_version": 1,
          "attributes": {
            "arn": "arn:aws:ec2:ap-south-1:113066798821:key-pair/project_key",
            "fingerprint": "ec:7c:cf:e6:10:af:99:19:7c:d2:8b:48:80:70:4b:a7",
            "id": "project_key",
            "key_name": "project_key",
            "key_name_prefix": null,
            "key_pair_id": "key-0e98ab5b037c3382b",
            "public_key": "ssh-rsa AAAAB3NzaC1yc2EAAAADAQABAAABgQDF2BqP9SNAQvYOCh5jB2KOfgknKq6dF+DzjfTiZgcpJfBQQZn5VaaM2s21easT34/RdNRxDrFeb3frQDrPbCyht9+bmJgRqfqryXflvTTuAsW6TOJh72xCzBWm+ir9zishLQ/P4MyovsrBYHA70Zw3Tm9ZYpF55i4z3qLnnwh5wOM9mSeiqgqjnvgoFH3Dhc1Yur7FKPCbOfdeyMJUvLVaWIZowWKnPKSyE/XZV7U6nBv1GFCFPZqD2ojpGm1InOki3Sp2hdMGILPp/Dt+zp+c690iqzPx8iHEwEA7CQCDXC7/4O3iWnABpQ9QEbyfAuqVsvUb1BI/kUUOThPpzS39HPqcCJhhqOJb2g51nNfNTK8b1/u38LupytvaGuGwqYLeqKbtIkaVT+/aDhQ0sKwE92DOgBQjNH0unAlZYTRKmgxRtswyTHveb8Q1yAnsZbbXup6rbvYQ/EHTm8qLU0RDCQu0kBTgstJio74wNlk6+b4/GHwd561Lckaapyxffw8= venka@VenkataPavan",
            "tags": {}
          },
          "private": "eyJzY2hlbWFfdmVyc2lvbiI6IjEifQ=="
        }
      ]
    },
    {
      "mode": "managed",
      "type": "aws_launch_template",
      "name": "ec2_template",
      "provider": "provider.aws",
      "instances": [
        {
          "status": "tainted",
          "schema_version": 0,
          "attributes": {
            "arn": "arn:aws:ec2:ap-south-1:113066798821:launch-template/lt-0396a2ce2bd8513aa",
            "block_device_mappings": [],
            "capacity_reservation_specification": [],
            "cpu_options": [],
            "credit_specification": [],
            "default_version": 1,
            "description": null,
            "disable_api_termination": null,
            "ebs_optimized": null,
            "elastic_gpu_specifications": [],
            "elastic_inference_accelerator": [],
            "enclave_options": [],
            "hibernation_options": [],
            "iam_instance_profile": [],
            "id": "lt-0396a2ce2bd8513aa",
            "image_id": "ami-0e731c8a588258d0d",
            "instance_initiated_shutdown_behavior": null,
            "instance_market_options": [],
            "instance_type": "t2.micro",
            "kernel_id": null,
            "key_name": "project_key",
            "latest_version": 1,
            "license_specification": [],
            "metadata_options": null,
            "monitoring": [],
            "name": "ec2_template",
            "name_prefix": null,
            "network_interfaces": [],
            "placement": [],
            "ram_disk_id": null,
            "security_group_names": null,
            "tag_specifications": [],
            "tags": null,
            "update_default_version": null,
            "user_data": "IyEvYmluL2Jhc2gKCiMgSW5zdGFsbGluZyBEZXBlbmRlbmNpZXMKZWNobyAiIyMjIyMjIyMjIyMjIyMjIyMjIyMjIyMjIyMjIyMjIyMjIyMjIyMjIyIKZWNobyAiSW5zdGFsbGluZyBwYWNrYWdlcy4iCmVjaG8gIiMjIyMjIyMjIyMjIyMjIyMjIyMjIyMjIyMjIyMjIyMjIyMjIyMjIyMiCnN1ZG8geXVtIGluc3RhbGwgd2dldCB1bnppcCBodHRwZCAteSA+IC9kZXYvbnVsbAplY2hvCgojIFN0YXJ0ICYgRW5hYmxlIFNlcnZpY2UKZWNobyAiIyMjIyMjIyMjIyMjIyMjIyMjIyMjIyMjIyMjIyMjIyMjIyMjIyMjIyIKZWNobyAiU3RhcnQgJiBFbmFibGUgSFRUUEQgU2VydmljZSIKZWNobyAiIyMjIyMjIyMjIyMjIyMjIyMjIyMjIyMjIyMjIyMjIyMjIyMjIyMjIyIKc3VkbyBzeXN0ZW1jdGwgc3RhcnQgaHR0cGQKc3VkbyBzeXN0ZW1jdGwgZW5hYmxlIGh0dHBkCmVjaG8KCiMgQ3JlYXRpbmcgVGVtcCBEaXJlY3RvcnkKZWNobyAiIyMjIyMjIyMjIyMjIyMjIyMjIyMjIyMjIyMjIyMjIyMjIyMjIyMjIyIKZWNobyAiU3RhcnRpbmcgQXJ0aWZhY3QgRGVwbG95bWVudCIKZWNobyAiIyMjIyMjIyMjIyMjIyMjIyMjIyMjIyMjIyMjIyMjIyMjIyMjIyMjIyIKbWtkaXIgLXAgL3RtcC93ZWJmaWxlcwpjZCAvdG1wL3dlYmZpbGVzCmVjaG8KCndnZXQgaHR0cHM6Ly93d3cudG9vcGxhdGUuY29tL3ppcC10ZW1wbGF0ZXMvMjA5OF9oZWFsdGguemlwID4gL2Rldi9udWxsCnVuemlwIDIwOThfaGVhbHRoLnppcCA+IC9kZXYvbnVsbApzdWRvIGNwIC1yIDIwOThfaGVhbHRoLyogL3Zhci93d3cvaHRtbC8KZWNobwoKIyBCb3VuY2UgU2VydmljZQplY2hvICIjIyMjIyMjIyMjIyMjIyMjIyMjIyMjIyMjIyMjIyMjIyMjIyMjIyMjIgplY2hvICJSZXN0YXJ0aW5nIEhUVFBEIHNlcnZpY2UiCmVjaG8gIiMjIyMjIyMjIyMjIyMjIyMjIyMjIyMjIyMjIyMjIyMjIyMjIyMjIyMiCnN5c3RlbWN0bCByZXN0YXJ0IGh0dHBkCmVjaG8KCiMgQ2xlYW4gVXAKZWNobyAiIyMjIyMjIyMjIyMjIyMjIyMjIyMjIyMjIyMjIyMjIyMjIyMjIyMjIyIKZWNobyAiUmVtb3ZpbmcgVGVtcG9yYXJ5IEZpbGVzIgplY2hvICIjIyMjIyMjIyMjIyMjIyMjIyMjIyMjIyMjIyMjIyMjIyMjIyMjIyMjIgpybSAtcmYgL3RtcC93ZWJmaWxlcwplY2hvCgpzdWRvIHN5c3RlbWN0bCBzdGF0dXMgaHR0cGQKbHMgL3Zhci93d3cvaHRtbC8K",
            "vpc_security_group_ids": [
              "sg-0d6bd6acd7d7174f9"
            ]
          },
          "private": "bnVsbA==",
          "dependencies": [
            "aws_key_pair.keys",
            "aws_security_group.Instance_SG",
            "aws_security_group.Loadbalancer_SG"
          ]
        }
      ]
    },
    {
      "mode": "managed",
      "type": "aws_lb_listener",
      "name": "http",
      "provider": "provider.aws",
      "instances": []
    },
    {
      "mode": "managed",
      "type": "aws_lb_listener",
      "name": "https",
      "provider": "provider.aws",
      "instances": []
    },
    {
      "mode": "managed",
      "type": "aws_lb_target_group",
      "name": "Target_Instances",
      "provider": "provider.aws",
      "instances": [
        {
          "schema_version": 0,
          "attributes": {
            "arn": "arn:aws:elasticloadbalancing:ap-south-1:113066798821:targetgroup/Target-Instances/41a727493075e164",
            "arn_suffix": "targetgroup/Target-Instances/41a727493075e164",
            "deregistration_delay": 300,
            "health_check": [
              {
                "enabled": true,
                "healthy_threshold": 2,
                "interval": 15,
                "matcher": "200",
                "path": "/",
                "port": "traffic-port",
                "protocol": "HTTP",
                "timeout": 3,
                "unhealthy_threshold": 2
              }
            ],
            "id": "arn:aws:elasticloadbalancing:ap-south-1:113066798821:targetgroup/Target-Instances/41a727493075e164",
            "lambda_multi_value_headers_enabled": false,
            "load_balancing_algorithm_type": "round_robin",
            "name": "Target-Instances",
            "name_prefix": null,
            "port": 80,
            "preserve_client_ip": null,
            "protocol": "HTTP",
            "protocol_version": "HTTP1",
            "proxy_protocol_v2": false,
            "slow_start": 0,
            "stickiness": [
              {
                "cookie_duration": 86400,
                "enabled": false,
                "type": "lb_cookie"
              }
            ],
            "tags": {},
            "target_type": "instance",
            "vpc_id": "vpc-0000a14d83e4d21b1"
          },
          "private": "bnVsbA==",
          "dependencies": [
            "aws_vpc.project_vpc"
          ]
        }
      ]
    },
    {
      "mode": "managed",
      "type": "aws_nat_gateway",
      "name": "NAT_Gateway",
      "provider": "provider.aws",
      "instances": [
        {
          "schema_version": 0,
          "attributes": {
            "allocation_id": "eipalloc-0609d3f25fff81c50",
            "id": "nat-0aafd49d412b26cef",
            "network_interface_id": "eni-0766386b1c8601ce5",
            "private_ip": "10.0.1.234",
            "public_ip": "3.111.103.244",
            "subnet_id": "subnet-025ab8c7646f3feb3",
            "tags": {}
          },
          "private": "bnVsbA==",
          "dependencies": [
            "aws_eip.NAT_EIP",
            "aws_internet_gateway.IGW_VPC",
            "aws_subnet.pub_sub1",
            "aws_vpc.project_vpc"
          ]
        }
      ]
    },
    {
      "mode": "managed",
      "type": "aws_route_table",
      "name": "PrivateRT",
      "provider": "provider.aws",
      "instances": [
        {
          "schema_version": 0,
          "attributes": {
            "arn": "arn:aws:ec2:ap-south-1:113066798821:route-table/rtb-01d9c07c19418ba25",
            "id": "rtb-01d9c07c19418ba25",
            "owner_id": "113066798821",
            "propagating_vgws": [],
            "route": [
              {
                "carrier_gateway_id": "",
                "cidr_block": "0.0.0.0/0",
                "destination_prefix_list_id": "",
                "egress_only_gateway_id": "",
                "gateway_id": "",
                "instance_id": "",
                "ipv6_cidr_block": "",
                "local_gateway_id": "",
                "nat_gateway_id": "nat-0aafd49d412b26cef",
                "network_interface_id": "",
                "transit_gateway_id": "",
                "vpc_endpoint_id": "",
                "vpc_peering_connection_id": ""
              }
            ],
            "tags": {},
            "vpc_id": "vpc-0000a14d83e4d21b1"
          },
          "private": "bnVsbA==",
          "dependencies": [
            "aws_eip.NAT_EIP",
            "aws_internet_gateway.IGW_VPC",
            "aws_nat_gateway.NAT_Gateway",
            "aws_subnet.pub_sub1",
            "aws_vpc.project_vpc"
          ]
        }
      ]
    },
    {
      "mode": "managed",
      "type": "aws_route_table",
      "name": "PubSub_RT",
      "provider": "provider.aws",
      "instances": [
        {
          "schema_version": 0,
          "attributes": {
            "arn": "arn:aws:ec2:ap-south-1:113066798821:route-table/rtb-0738902c0ca455340",
            "id": "rtb-0738902c0ca455340",
            "owner_id": "113066798821",
            "propagating_vgws": [],
            "route": [
              {
                "carrier_gateway_id": "",
                "cidr_block": "0.0.0.0/0",
                "destination_prefix_list_id": "",
                "egress_only_gateway_id": "",
                "gateway_id": "igw-0514b3395f595f72c",
                "instance_id": "",
                "ipv6_cidr_block": "",
                "local_gateway_id": "",
                "nat_gateway_id": "",
                "network_interface_id": "",
                "transit_gateway_id": "",
                "vpc_endpoint_id": "",
                "vpc_peering_connection_id": ""
              }
            ],
            "tags": {},
            "vpc_id": "vpc-0000a14d83e4d21b1"
          },
          "private": "bnVsbA==",
          "dependencies": [
            "aws_internet_gateway.IGW_VPC",
            "aws_vpc.project_vpc"
          ]
        }
      ]
    },
    {
      "mode": "managed",
      "type": "aws_route_table_association",
      "name": "pub_sub1_associsation",
      "provider": "provider.aws",
      "instances": [
        {
          "schema_version": 0,
          "attributes": {
            "gateway_id": null,
            "id": "rtbassoc-0268f6a97d157ffec",
            "route_table_id": "rtb-0738902c0ca455340",
            "subnet_id": "subnet-025ab8c7646f3feb3"
          },
          "private": "bnVsbA==",
          "dependencies": [
            "aws_internet_gateway.IGW_VPC",
            "aws_route_table.PubSub_RT",
            "aws_subnet.pub_sub1",
            "aws_vpc.project_vpc"
          ]
        }
      ]
    },
    {
      "mode": "managed",
      "type": "aws_route_table_association",
      "name": "pub_sub2_associsation",
      "provider": "provider.aws",
      "instances": [
        {
          "schema_version": 0,
          "attributes": {
            "gateway_id": null,
            "id": "rtbassoc-05e95e8ae10da2ec2",
            "route_table_id": "rtb-0738902c0ca455340",
            "subnet_id": "subnet-07cf016917ad66cfe"
          },
          "private": "bnVsbA==",
          "dependencies": [
            "aws_internet_gateway.IGW_VPC",
            "aws_route_table.PubSub_RT",
            "aws_subnet.pub_sub2",
            "aws_vpc.project_vpc"
          ]
        }
      ]
    },
    {
      "mode": "managed",
      "type": "aws_route_table_association",
      "name": "pub_sub3_associsation",
      "provider": "provider.aws",
      "instances": [
        {
          "schema_version": 0,
          "attributes": {
            "gateway_id": null,
            "id": "rtbassoc-004e4cf083521be6f",
            "route_table_id": "rtb-0738902c0ca455340",
            "subnet_id": "subnet-0a29b1788b9d412ef"
          },
          "private": "bnVsbA==",
          "dependencies": [
            "aws_internet_gateway.IGW_VPC",
            "aws_route_table.PubSub_RT",
            "aws_subnet.pub_sub3",
            "aws_vpc.project_vpc"
          ]
        }
      ]
    },
    {
      "mode": "managed",
      "type": "aws_route_table_association",
      "name": "pvt_sub1_association",
      "provider": "provider.aws",
      "instances": [
        {
          "schema_version": 0,
          "attributes": {
            "gateway_id": null,
            "id": "rtbassoc-0e34062ba2c5a77e1",
            "route_table_id": "rtb-01d9c07c19418ba25",
            "subnet_id": "subnet-0190f05ab273b6bbb"
          },
          "private": "bnVsbA==",
          "dependencies": [
            "aws_eip.NAT_EIP",
            "aws_internet_gateway.IGW_VPC",
            "aws_nat_gateway.NAT_Gateway",
            "aws_route_table.PrivateRT",
            "aws_subnet.pub_sub1",
            "aws_subnet.pvt_sub1",
            "aws_vpc.project_vpc"
          ]
        }
      ]
    },
    {
      "mode": "managed",
      "type": "aws_route_table_association",
      "name": "pvt_sub2_association",
      "provider": "provider.aws",
      "instances": [
        {
          "schema_version": 0,
          "attributes": {
            "gateway_id": null,
            "id": "rtbassoc-02f88049bcf358d89",
            "route_table_id": "rtb-01d9c07c19418ba25",
            "subnet_id": "subnet-091c2c049eceda925"
          },
          "private": "bnVsbA==",
          "dependencies": [
            "aws_eip.NAT_EIP",
            "aws_internet_gateway.IGW_VPC",
            "aws_nat_gateway.NAT_Gateway",
            "aws_route_table.PrivateRT",
            "aws_subnet.pub_sub1",
            "aws_subnet.pvt_sub2",
            "aws_vpc.project_vpc"
          ]
        }
      ]
    },
    {
      "mode": "managed",
      "type": "aws_route_table_association",
      "name": "pvt_sub3_association",
      "provider": "provider.aws",
      "instances": [
        {
          "schema_version": 0,
          "attributes": {
            "gateway_id": null,
            "id": "rtbassoc-08cb9245820fec958",
            "route_table_id": "rtb-01d9c07c19418ba25",
            "subnet_id": "subnet-045312c13524818d1"
          },
          "private": "bnVsbA==",
          "dependencies": [
            "aws_eip.NAT_EIP",
            "aws_internet_gateway.IGW_VPC",
            "aws_nat_gateway.NAT_Gateway",
            "aws_route_table.PrivateRT",
            "aws_subnet.pub_sub1",
            "aws_subnet.pvt_sub3",
            "aws_vpc.project_vpc"
          ]
        }
      ]
    },
    {
      "mode": "managed",
      "type": "aws_security_group",
      "name": "Instance_SG",
      "provider": "provider.aws",
      "instances": [
        {
          "schema_version": 1,
          "attributes": {
            "arn": "arn:aws:ec2:ap-south-1:113066798821:security-group/sg-0d6bd6acd7d7174f9",
            "description": "Managed by Terraform",
            "egress": [
              {
                "cidr_blocks": [
                  "0.0.0.0/0"
                ],
                "description": "",
                "from_port": 0,
                "ipv6_cidr_blocks": [],
                "prefix_list_ids": [],
                "protocol": "-1",
                "security_groups": [],
                "self": false,
                "to_port": 0
              }
            ],
            "id": "sg-0d6bd6acd7d7174f9",
            "ingress": [
              {
                "cidr_blocks": [
                  "0.0.0.0/0"
                ],
                "description": "",
                "from_port": 22,
                "ipv6_cidr_blocks": [],
                "prefix_list_ids": [],
                "protocol": "tcp",
                "security_groups": [],
                "self": false,
                "to_port": 22
              },
              {
                "cidr_blocks": [
                  "0.0.0.0/0"
                ],
                "description": "",
                "from_port": 80,
                "ipv6_cidr_blocks": [],
                "prefix_list_ids": [],
                "protocol": "tcp",
                "security_groups": [],
                "self": false,
                "to_port": 80
              },
              {
                "cidr_blocks": [],
                "description": "",
                "from_port": 80,
                "ipv6_cidr_blocks": [],
                "prefix_list_ids": [],
                "protocol": "tcp",
                "security_groups": [
                  "sg-0301ef4b31156143e"
                ],
                "self": false,
                "to_port": 80
              }
            ],
            "name": "terraform-20240218092448815900000002",
            "name_prefix": "terraform-",
            "owner_id": "113066798821",
            "revoke_rules_on_delete": false,
            "tags": null,
            "timeouts": null,
            "vpc_id": "vpc-009e76b28a706269d"
          },
          "private": "eyJlMmJmYjczMC1lY2FhLTExZTYtOGY4OC0zNDM2M2JjN2M0YzAiOnsiY3JlYXRlIjo2MDAwMDAwMDAwMDAsImRlbGV0ZSI6OTAwMDAwMDAwMDAwfSwic2NoZW1hX3ZlcnNpb24iOiIxIn0=",
          "dependencies": [
            "aws_security_group.Loadbalancer_SG"
          ]
        }
      ]
    },
    {
      "mode": "managed",
      "type": "aws_security_group",
      "name": "Loadbalancer_SG",
      "provider": "provider.aws",
      "instances": [
        {
          "schema_version": 1,
          "attributes": {
            "arn": "arn:aws:ec2:ap-south-1:113066798821:security-group/sg-0301ef4b31156143e",
            "description": "Managed by Terraform",
            "egress": [
              {
                "cidr_blocks": [
                  "0.0.0.0/0"
                ],
                "description": "",
                "from_port": 0,
                "ipv6_cidr_blocks": [],
                "prefix_list_ids": [],
                "protocol": "-1",
                "security_groups": [],
                "self": false,
                "to_port": 0
              }
            ],
            "id": "sg-0301ef4b31156143e",
            "ingress": [
              {
                "cidr_blocks": [
                  "0.0.0.0/0"
                ],
                "description": "",
                "from_port": 443,
                "ipv6_cidr_blocks": [],
                "prefix_list_ids": [],
                "protocol": "tcp",
                "security_groups": [],
                "self": false,
                "to_port": 443
              },
              {
                "cidr_blocks": [
                  "0.0.0.0/0"
                ],
                "description": "",
                "from_port": 80,
                "ipv6_cidr_blocks": [],
                "prefix_list_ids": [],
                "protocol": "tcp",
                "security_groups": [],
                "self": false,
                "to_port": 80
              }
            ],
            "name": "terraform-20240218091649591300000001",
            "name_prefix": "terraform-",
            "owner_id": "113066798821",
            "revoke_rules_on_delete": false,
            "tags": {},
            "timeouts": null,
            "vpc_id": "vpc-009e76b28a706269d"
          },
          "private": "eyJlMmJmYjczMC1lY2FhLTExZTYtOGY4OC0zNDM2M2JjN2M0YzAiOnsiY3JlYXRlIjo2MDAwMDAwMDAwMDAsImRlbGV0ZSI6OTAwMDAwMDAwMDAwfSwic2NoZW1hX3ZlcnNpb24iOiIxIn0="
        }
      ]
    },
    {
      "mode": "managed",
      "type": "aws_subnet",
      "name": "pub_sub1",
      "provider": "provider.aws",
      "instances": [
        {
          "schema_version": 1,
          "attributes": {
            "arn": "arn:aws:ec2:ap-south-1:113066798821:subnet/subnet-025ab8c7646f3feb3",
            "assign_ipv6_address_on_creation": false,
            "availability_zone": "ap-south-1a",
            "availability_zone_id": "aps1-az1",
            "cidr_block": "10.0.1.0/24",
            "customer_owned_ipv4_pool": "",
            "id": "subnet-025ab8c7646f3feb3",
            "ipv6_cidr_block": "",
            "ipv6_cidr_block_association_id": "",
            "map_customer_owned_ip_on_launch": false,
            "map_public_ip_on_launch": true,
            "outpost_arn": "",
            "owner_id": "113066798821",
            "tags": {},
            "tags_all": {},
            "timeouts": null,
            "vpc_id": "vpc-0000a14d83e4d21b1"
          },
          "private": "eyJlMmJmYjczMC1lY2FhLTExZTYtOGY4OC0zNDM2M2JjN2M0YzAiOnsiY3JlYXRlIjo2MDAwMDAwMDAwMDAsImRlbGV0ZSI6MTIwMDAwMDAwMDAwMH0sInNjaGVtYV92ZXJzaW9uIjoiMSJ9",
          "dependencies": [
            "aws_vpc.project_vpc"
          ]
        }
      ]
    },
    {
      "mode": "managed",
      "type": "aws_subnet",
      "name": "pub_sub2",
      "provider": "provider.aws",
      "instances": [
        {
          "schema_version": 1,
          "attributes": {
            "arn": "arn:aws:ec2:ap-south-1:113066798821:subnet/subnet-07cf016917ad66cfe",
            "assign_ipv6_address_on_creation": false,
            "availability_zone": "ap-south-1b",
            "availability_zone_id": "aps1-az3",
            "cidr_block": "10.0.2.0/24",
            "customer_owned_ipv4_pool": "",
            "id": "subnet-07cf016917ad66cfe",
            "ipv6_cidr_block": "",
            "ipv6_cidr_block_association_id": "",
            "map_customer_owned_ip_on_launch": false,
            "map_public_ip_on_launch": true,
            "outpost_arn": "",
            "owner_id": "113066798821",
            "tags": {},
            "tags_all": {},
            "timeouts": null,
            "vpc_id": "vpc-0000a14d83e4d21b1"
          },
          "private": "eyJlMmJmYjczMC1lY2FhLTExZTYtOGY4OC0zNDM2M2JjN2M0YzAiOnsiY3JlYXRlIjo2MDAwMDAwMDAwMDAsImRlbGV0ZSI6MTIwMDAwMDAwMDAwMH0sInNjaGVtYV92ZXJzaW9uIjoiMSJ9",
          "dependencies": [
            "aws_vpc.project_vpc"
          ]
        }
      ]
    },
    {
      "mode": "managed",
      "type": "aws_subnet",
      "name": "pub_sub3",
      "provider": "provider.aws",
      "instances": [
        {
          "schema_version": 1,
          "attributes": {
            "arn": "arn:aws:ec2:ap-south-1:113066798821:subnet/subnet-0a29b1788b9d412ef",
            "assign_ipv6_address_on_creation": false,
            "availability_zone": "ap-south-1c",
            "availability_zone_id": "aps1-az2",
            "cidr_block": "10.0.3.0/24",
            "customer_owned_ipv4_pool": "",
            "id": "subnet-0a29b1788b9d412ef",
            "ipv6_cidr_block": "",
            "ipv6_cidr_block_association_id": "",
            "map_customer_owned_ip_on_launch": false,
            "map_public_ip_on_launch": true,
            "outpost_arn": "",
            "owner_id": "113066798821",
            "tags": {},
            "tags_all": {},
            "timeouts": null,
            "vpc_id": "vpc-0000a14d83e4d21b1"
          },
          "private": "eyJlMmJmYjczMC1lY2FhLTExZTYtOGY4OC0zNDM2M2JjN2M0YzAiOnsiY3JlYXRlIjo2MDAwMDAwMDAwMDAsImRlbGV0ZSI6MTIwMDAwMDAwMDAwMH0sInNjaGVtYV92ZXJzaW9uIjoiMSJ9",
          "dependencies": [
            "aws_vpc.project_vpc"
          ]
        }
      ]
    },
    {
      "mode": "managed",
      "type": "aws_subnet",
      "name": "pvt_sub1",
      "provider": "provider.aws",
      "instances": [
        {
          "schema_version": 1,
          "attributes": {
            "arn": "arn:aws:ec2:ap-south-1:113066798821:subnet/subnet-0190f05ab273b6bbb",
            "assign_ipv6_address_on_creation": false,
            "availability_zone": "ap-south-1a",
            "availability_zone_id": "aps1-az1",
            "cidr_block": "10.0.4.0/24",
            "customer_owned_ipv4_pool": "",
            "id": "subnet-0190f05ab273b6bbb",
            "ipv6_cidr_block": "",
            "ipv6_cidr_block_association_id": "",
            "map_customer_owned_ip_on_launch": false,
            "map_public_ip_on_launch": false,
            "outpost_arn": "",
            "owner_id": "113066798821",
            "tags": {},
            "tags_all": {},
            "timeouts": null,
            "vpc_id": "vpc-0000a14d83e4d21b1"
          },
          "private": "eyJlMmJmYjczMC1lY2FhLTExZTYtOGY4OC0zNDM2M2JjN2M0YzAiOnsiY3JlYXRlIjo2MDAwMDAwMDAwMDAsImRlbGV0ZSI6MTIwMDAwMDAwMDAwMH0sInNjaGVtYV92ZXJzaW9uIjoiMSJ9",
          "dependencies": [
            "aws_vpc.project_vpc"
          ]
        }
      ]
    },
    {
      "mode": "managed",
      "type": "aws_subnet",
      "name": "pvt_sub2",
      "provider": "provider.aws",
      "instances": [
        {
          "schema_version": 1,
          "attributes": {
            "arn": "arn:aws:ec2:ap-south-1:113066798821:subnet/subnet-091c2c049eceda925",
            "assign_ipv6_address_on_creation": false,
            "availability_zone": "ap-south-1b",
            "availability_zone_id": "aps1-az3",
            "cidr_block": "10.0.5.0/24",
            "customer_owned_ipv4_pool": "",
            "id": "subnet-091c2c049eceda925",
            "ipv6_cidr_block": "",
            "ipv6_cidr_block_association_id": "",
            "map_customer_owned_ip_on_launch": false,
            "map_public_ip_on_launch": false,
            "outpost_arn": "",
            "owner_id": "113066798821",
            "tags": {},
            "tags_all": {},
            "timeouts": null,
            "vpc_id": "vpc-0000a14d83e4d21b1"
          },
          "private": "eyJlMmJmYjczMC1lY2FhLTExZTYtOGY4OC0zNDM2M2JjN2M0YzAiOnsiY3JlYXRlIjo2MDAwMDAwMDAwMDAsImRlbGV0ZSI6MTIwMDAwMDAwMDAwMH0sInNjaGVtYV92ZXJzaW9uIjoiMSJ9",
          "dependencies": [
            "aws_vpc.project_vpc"
          ]
        }
      ]
    },
    {
      "mode": "managed",
      "type": "aws_subnet",
      "name": "pvt_sub3",
      "provider": "provider.aws",
      "instances": [
        {
          "schema_version": 1,
          "attributes": {
            "arn": "arn:aws:ec2:ap-south-1:113066798821:subnet/subnet-045312c13524818d1",
            "assign_ipv6_address_on_creation": false,
            "availability_zone": "ap-south-1c",
            "availability_zone_id": "aps1-az2",
            "cidr_block": "10.0.6.0/24",
            "customer_owned_ipv4_pool": "",
            "id": "subnet-045312c13524818d1",
            "ipv6_cidr_block": "",
            "ipv6_cidr_block_association_id": "",
            "map_customer_owned_ip_on_launch": false,
            "map_public_ip_on_launch": false,
            "outpost_arn": "",
            "owner_id": "113066798821",
            "tags": {},
            "tags_all": {},
            "timeouts": null,
            "vpc_id": "vpc-0000a14d83e4d21b1"
          },
          "private": "eyJlMmJmYjczMC1lY2FhLTExZTYtOGY4OC0zNDM2M2JjN2M0YzAiOnsiY3JlYXRlIjo2MDAwMDAwMDAwMDAsImRlbGV0ZSI6MTIwMDAwMDAwMDAwMH0sInNjaGVtYV92ZXJzaW9uIjoiMSJ9",
          "dependencies": [
            "aws_vpc.project_vpc"
          ]
        }
      ]
    },
    {
      "mode": "managed",
      "type": "aws_vpc",
      "name": "project_vpc",
      "provider": "provider.aws",
      "instances": [
        {
          "schema_version": 1,
          "attributes": {
            "arn": "arn:aws:ec2:ap-south-1:113066798821:vpc/vpc-0000a14d83e4d21b1",
            "assign_generated_ipv6_cidr_block": false,
            "cidr_block": "10.0.0.0/16",
            "default_network_acl_id": "acl-0fd461ccf30312780",
            "default_route_table_id": "rtb-08543e9bcf76c66d4",
            "default_security_group_id": "sg-0c70a21cad0b1dd85",
            "dhcp_options_id": "dopt-03e8ac421af557a5f",
            "enable_classiclink": null,
            "enable_classiclink_dns_support": null,
            "enable_dns_hostnames": true,
            "enable_dns_support": true,
            "id": "vpc-0000a14d83e4d21b1",
            "instance_tenancy": "default",
            "ipv6_association_id": "",
            "ipv6_cidr_block": "",
            "main_route_table_id": "rtb-08543e9bcf76c66d4",
            "owner_id": "113066798821",
            "tags": {
              "Name": "project_vpc"
            },
            "tags_all": {
              "Name": "project_vpc"
            }
          },
          "private": "eyJzY2hlbWFfdmVyc2lvbiI6IjEifQ=="
        }
      ]
    }
  ]
}
